<?xml version="1.0" encoding="utf-8"?>
<Project ToolsVersion="4.0" xmlns="http://schemas.microsoft.com/developer/msbuild/2003">
  <ItemGroup>
    <ClCompile Include="BTMath.cpp" />
    <ClCompile Include="Confirm.cpp" />
    <ClCompile Include="CarSelectScreen.cpp" />
    <ClCompile Include="Controller.cpp" />
    <ClCompile Include="Credits.cpp" />
    <ClCompile Include="DifficultyScreen.cpp" />
    <ClCompile Include="Game.cpp" />
    <ClCompile Include="Gameplay.cpp" />
    <ClCompile Include="Help.cpp" />
    <ClCompile Include="LevelLoader.cpp" />
    <ClCompile Include="Licence.cpp" />
    <ClCompile Include="Main.cpp" />
    <ClCompile Include="Map.cpp" />
    <ClCompile Include="NPCplayer.cpp" />
    <ClCompile Include="NPCplayer1.cpp" />
    <ClCompile Include="NPCplayer2.cpp" />
    <ClCompile Include="OptionScreen.cpp" />
    <ClCompile Include="Physics.cpp" />
    <ClCompile Include="Playagain.cpp" />
    <ClCompile Include="Player.cpp" />
    <ClCompile Include="SoundScreen.cpp" />
    <ClCompile Include="Splash.cpp" />
    <ClCompile Include="Upgrade.cpp" />
  </ItemGroup>
  <ItemGroup>
    <ClInclude Include="BTMath.h" />
    <ClInclude Include="Confirm.h" />
    <ClInclude Include="CarSelectScreen.h" />
    <ClInclude Include="Controller.h" />
    <ClInclude Include="Credits.h" />
    <ClInclude Include="DifficultyScreen.h" />
    <ClInclude Include="Game.h" />
    <ClInclude Include="Gameplay.h" />
    <ClInclude Include="Help.h" />
    <ClInclude Include="LevelLoader.h" />
    <ClInclude Include="Licence.h" />
    <ClInclude Include="Map.h" />
    <ClInclude Include="NPCplayer.h" />
    <ClInclude Include="NPCplayer1.h" />
    <ClInclude Include="NPCplayer2.h" />
    <ClInclude Include="OptionScreen.h" />
    <ClInclude Include="Physics.h" />
    <ClInclude Include="Playagain.h" />
    <ClInclude Include="Player.h" />
    <ClInclude Include="SoundScreen.h" />
    <ClInclude Include="Splash.h" />
    <ClInclude Include="Upgrade.h" />
  </ItemGroup>
  <ItemGroup>
    <Image Include="images\arrow.png" />
    <Image Include="images\back.png" />
    <Image Include="images\Bar.png" />
    <Image Include="images\circlemover.png" />
    <Image Include="images\greenCarSprite.png" />
    <Image Include="images\lambo.png" />
    <Image Include="images\line.png" />
    <Image Include="images\OptionScreen.jpg" />
    <Image Include="images\redCarSprite.png" />
    <Image Include="images\selectbkgr.png" />
    <Image Include="images\selector.png" />
    <Image Include="images\template.png" />
    <Image Include="images\whiteCarSprite.png" />
    <Image Include="images\yellowCarSprite.png" />
  </ItemGroup>
</Project>